# THIS IS AN AUTOGENERATED FILE. DO NOT EDIT THIS FILE DIRECTLY.
# yarn lockfile v1


"@adraffy/ens-normalize@1.10.0":
  "integrity" "sha512-nA9XHtlAkYfJxY7bce8DcN7eKxWWCWkU+1GR9d+U6MbNpfwQp8TI7vqOsBsMcHoT4mBu2kypKoSKnghEzOOq5Q=="
  "resolved" "https://registry.npmjs.org/@adraffy/ens-normalize/-/ens-normalize-1.10.0.tgz"
  "version" "1.10.0"

"@fast-csv/format@5.0.0":
  "integrity" "sha512-IyMpHwYIOGa2f0BJi6Wk55UF0oBA5urdIydoEDYxPo88LFbeb3Yr4rgpu98OAO1glUWheSnNtUgS80LE+/dqmw=="
  "resolved" "https://registry.npmjs.org/@fast-csv/format/-/format-5.0.0.tgz"
  "version" "5.0.0"
  dependencies:
    "lodash.escaperegexp" "^4.1.2"
    "lodash.isboolean" "^3.0.3"
    "lodash.isequal" "^4.5.0"
    "lodash.isfunction" "^3.0.9"
    "lodash.isnil" "^4.0.0"

"@fast-csv/parse@5.0.0":
  "integrity" "sha512-ecF8tCm3jVxeRjEB6VPzmA+1wGaJ5JgaUX2uesOXdXD6qQp0B3EdshOIed4yT1Xlj/F2f8v4zHSo0Oi31L697g=="
  "resolved" "https://registry.npmjs.org/@fast-csv/parse/-/parse-5.0.0.tgz"
  "version" "5.0.0"
  dependencies:
    "lodash.escaperegexp" "^4.1.2"
    "lodash.groupby" "^4.6.0"
    "lodash.isfunction" "^3.0.9"
    "lodash.isnil" "^4.0.0"
    "lodash.isundefined" "^3.0.1"
    "lodash.uniq" "^4.5.0"

"@noble/curves@~1.2.0", "@noble/curves@1.2.0":
  "integrity" "sha512-oYclrNgRaM9SsBUBVbb8M6DTV7ZHRTKugureoYEncY5c65HOmRzvSiTE3y5CYaPYJA/GVkrhXEoF0M3Ya9PMnw=="
  "resolved" "https://registry.npmjs.org/@noble/curves/-/curves-1.2.0.tgz"
  "version" "1.2.0"
  dependencies:
    "@noble/hashes" "1.3.2"

"@noble/hashes@~1.3.0", "@noble/hashes@~1.3.2", "@noble/hashes@1.3.2":
  "integrity" "sha512-MVC8EAQp7MvEcm30KWENFjgR+Mkmf+D189XJTkFIlwohU5hcBbn1ZkKq7KVTi2Hme3PMGF390DaL52beVrIihQ=="
  "resolved" "https://registry.npmjs.org/@noble/hashes/-/hashes-1.3.2.tgz"
  "version" "1.3.2"

"@scure/base@~1.1.0", "@scure/base@~1.1.2":
  "integrity" "sha512-ok9AWwhcgYuGG3Zfhyqg+zwl+Wn5uE+dwC0NV/2qQkx4dABbb/bx96vWu8NSj+BNjjSjno+JRYRjle1jV08k3g=="
  "resolved" "https://registry.npmjs.org/@scure/base/-/base-1.1.6.tgz"
  "version" "1.1.6"

"@scure/bip32@1.3.2":
  "integrity" "sha512-N1ZhksgwD3OBlwTv3R6KFEcPojl/W4ElJOeCZdi+vuI5QmTFwLq3OFf2zd2ROpKvxFdgZ6hUpb0dx9bVNEwYCA=="
  "resolved" "https://registry.npmjs.org/@scure/bip32/-/bip32-1.3.2.tgz"
  "version" "1.3.2"
  dependencies:
    "@noble/curves" "~1.2.0"
    "@noble/hashes" "~1.3.2"
    "@scure/base" "~1.1.2"

"@scure/bip39@1.2.1":
  "integrity" "sha512-Z3/Fsz1yr904dduJD0NpiyRHhRYHdcnyh73FZWiV+/qhWi83wNJ3NWolYqCEN+ZWsUz2TWwajJggcRE9r1zUYg=="
  "resolved" "https://registry.npmjs.org/@scure/bip39/-/bip39-1.2.1.tgz"
  "version" "1.2.1"
  dependencies:
    "@noble/hashes" "~1.3.0"
    "@scure/base" "~1.1.0"

"@types/big.js@^6.2.2":
  "integrity" "sha512-e2cOW9YlVzFY2iScnGBBkplKsrn2CsObHQ2Hiw4V1sSyiGbgWL8IyqE3zFi1Pt5o1pdAtYkDAIsF3KKUPjdzaA=="
  "resolved" "https://registry.npmjs.org/@types/big.js/-/big.js-6.2.2.tgz"
  "version" "6.2.2"

"@types/node@^20.11.17":
  "integrity" "sha512-dHM6ZxwlmuZaRmUPfv1p+KrdD1Dci04FbdEm/9wEMouFqxYoFl5aMkt0VMAUtYRQDyYvD41WJLukhq/ha3YuTw=="
  "resolved" "https://registry.npmjs.org/@types/node/-/node-20.11.30.tgz"
  "version" "20.11.30"
  dependencies:
    "undici-types" "~5.26.4"

"abitype@1.0.0":
  "integrity" "sha512-NMeMah//6bJ56H5XRj8QCV4AwuW6hB6zqz2LnhhLdcWVQOsXki6/Pn3APeqxCma62nXIcmZWdu1DlHWS74umVQ=="
  "resolved" "https://registry.npmjs.org/abitype/-/abitype-1.0.0.tgz"
  "version" "1.0.0"

"big.js@^6.2.1":
  "integrity" "sha512-bCtHMwL9LeDIozFn+oNhhFoq+yQ3BNdnsLSASUxLciOb1vgvpHsIO1dsENiGMgbb4SkP5TrzWzRiLddn8ahVOQ=="
  "resolved" "https://registry.npmjs.org/big.js/-/big.js-6.2.1.tgz"
  "version" "6.2.1"

"bignumber.js@^9.1.2":
  "integrity" "sha512-2/mKyZH9K85bzOEfhXDBFZTGd1CTs+5IHpeFQo9luiBG7hghdC851Pj2WAhb6E3R6b9tZj/XKhbg4fum+Kepug=="
  "resolved" "https://registry.npmjs.org/bignumber.js/-/bignumber.js-9.1.2.tgz"
  "version" "9.1.2"

"csv-parser@^3.0.0":
  "integrity" "sha512-s6OYSXAK3IdKqYO33y09jhypG/bSDHPuyCme/IdEHfWpLf/jKcpitVFyOC6UemgGk8v7Q5u2XE0vvwmanxhGlQ=="
  "resolved" "https://registry.npmjs.org/csv-parser/-/csv-parser-3.0.0.tgz"
  "version" "3.0.0"
  dependencies:
    "minimist" "^1.2.0"

"decimal.js-light@^2.5.1":
  "integrity" "sha512-qIMFpTMZmny+MMIitAB6D7iVPEorVw6YQRWkvarTkT4tBeSLLiHzcwj6q0MmYSFCiVpiqPJTJEYIrpcPzVEIvg=="
  "resolved" "https://registry.npmjs.org/decimal.js-light/-/decimal.js-light-2.5.1.tgz"
  "version" "2.5.1"

"fast-csv@^5.0.1":
  "integrity" "sha512-Q43zC4NdQD5MAWOVQOF8KA+D6ddvTJjX2ib8zqysm74jZhtk6+dc8C75/OqRV6Y9CLc4kgvbC3PLG8YL4YZfgw=="
  "resolved" "https://registry.npmjs.org/fast-csv/-/fast-csv-5.0.1.tgz"
  "version" "5.0.1"
  dependencies:
    "@fast-csv/format" "5.0.0"
    "@fast-csv/parse" "5.0.0"

"isows@1.0.3":
  "integrity" "sha512-2cKei4vlmg2cxEjm3wVSqn8pcoRF/LX/wpifuuNquFO4SQmPwarClT+SUCA2lt+l581tTeZIPIZuIDo2jWN1fg=="
  "resolved" "https://registry.npmjs.org/isows/-/isows-1.0.3.tgz"
  "version" "1.0.3"

"jsbi@^4.3.0":
  "integrity" "sha512-SnZNcinB4RIcnEyZqFPdGPVgrg2AcnykiBy0sHVJQKHYeaLUvi3Exj+iaPpLnFVkDPZIV4U0yvgC9/R4uEAZ9g=="
  "resolved" "https://registry.npmjs.org/jsbi/-/jsbi-4.3.0.tgz"
  "version" "4.3.0"

"lodash.escaperegexp@^4.1.2":
  "integrity" "sha512-TM9YBvyC84ZxE3rgfefxUWiQKLilstD6k7PTGt6wfbtXF8ixIJLOL3VYyV/z+ZiPLsVxAsKAFVwWlWeb2Y8Yyw=="
  "resolved" "https://registry.npmjs.org/lodash.escaperegexp/-/lodash.escaperegexp-4.1.2.tgz"
  "version" "4.1.2"

"lodash.groupby@^4.6.0":
  "integrity" "sha512-5dcWxm23+VAoz+awKmBaiBvzox8+RqMgFhi7UvX9DHZr2HdxHXM/Wrf8cfKpsW37RNrvtPn6hSwNqurSILbmJw=="
  "resolved" "https://registry.npmjs.org/lodash.groupby/-/lodash.groupby-4.6.0.tgz"
  "version" "4.6.0"

"lodash.isboolean@^3.0.3":
  "integrity" "sha512-Bz5mupy2SVbPHURB98VAcw+aHh4vRV5IPNhILUCsOzRmsTmSQ17jIuqopAentWoehktxGd9e/hbIXq980/1QJg=="
  "resolved" "https://registry.npmjs.org/lodash.isboolean/-/lodash.isboolean-3.0.3.tgz"
  "version" "3.0.3"

"lodash.isequal@^4.5.0":
  "integrity" "sha512-pDo3lu8Jhfjqls6GkMgpahsF9kCyayhgykjyLMNFTKWrpVdAQtYyB4muAMWozBB4ig/dtWAmsMxLEI8wuz+DYQ=="
  "resolved" "https://registry.npmjs.org/lodash.isequal/-/lodash.isequal-4.5.0.tgz"
  "version" "4.5.0"

"lodash.isfunction@^3.0.9":
  "integrity" "sha512-AirXNj15uRIMMPihnkInB4i3NHeb4iBtNg9WRWuK2o31S+ePwwNmDPaTL3o7dTJ+VXNZim7rFs4rxN4YU1oUJw=="
  "resolved" "https://registry.npmjs.org/lodash.isfunction/-/lodash.isfunction-3.0.9.tgz"
  "version" "3.0.9"

"lodash.isnil@^4.0.0":
  "integrity" "sha512-up2Mzq3545mwVnMhTDMdfoG1OurpA/s5t88JmQX809eH3C8491iu2sfKhTfhQtKY78oPNhiaHJUpT/dUDAAtng=="
  "resolved" "https://registry.npmjs.org/lodash.isnil/-/lodash.isnil-4.0.0.tgz"
  "version" "4.0.0"

"lodash.isundefined@^3.0.1":
  "integrity" "sha512-MXB1is3s899/cD8jheYYE2V9qTHwKvt+npCwpD+1Sxm3Q3cECXCiYHjeHWXNwr6Q0SOBPrYUDxendrO6goVTEA=="
  "resolved" "https://registry.npmjs.org/lodash.isundefined/-/lodash.isundefined-3.0.1.tgz"
  "version" "3.0.1"

"lodash.uniq@^4.5.0":
  "integrity" "sha512-xfBaXQd9ryd9dlSDvnvI0lvxfLJlYAZzXomUYzLKtUeOQvOP5piqAWuGtrhWeqaXK9hhoM/iyJc5AV+XfsX3HQ=="
  "resolved" "https://registry.npmjs.org/lodash.uniq/-/lodash.uniq-4.5.0.tgz"
  "version" "4.5.0"

"minimist@^1.2.0":
  "integrity" "sha512-2yyAR8qBkN3YuheJanUpWC5U3bb5osDywNB8RzDVlDwDHbocAJveqqj1u8+SVD7jkWT4yvsHCpWqqWqAxb0zCA=="
  "resolved" "https://registry.npmjs.org/minimist/-/minimist-1.2.8.tgz"
  "version" "1.2.8"

"tiny-invariant@^1.3.1":
  "integrity" "sha512-+FbBPE1o9QAYvviau/qC5SE3caw21q3xkvWKBtja5vgqOWIHHJ3ioaq1VPfn/Szqctz2bU/oYeKd9/z5BL+PVg=="
  "resolved" "https://registry.npmjs.org/tiny-invariant/-/tiny-invariant-1.3.3.tgz"
  "version" "1.3.3"

"toformat@^2.0.0":
  "integrity" "sha512-03SWBVop6nU8bpyZCx7SodpYznbZF5R4ljwNLBcTQzKOD9xuihRo/psX58llS1BMFhhAI08H3luot5GoXJz2pQ=="
  "resolved" "https://registry.npmjs.org/toformat/-/toformat-2.0.0.tgz"
  "version" "2.0.0"

"typescript@^5.3.3", "typescript@>=5.0.4":
  "integrity" "sha512-KrPd3PKaCLr78MalgiwJnA25Nm8HAmdwN3mYUYZgG/wizIo9EainNVQI9/yDavtVFRN2h3k8uf3GLHuhDMgEHg=="
  "resolved" "https://registry.npmjs.org/typescript/-/typescript-5.4.3.tgz"
  "version" "5.4.3"

"undici-types@~5.26.4":
  "integrity" "sha512-JlCMO+ehdEIKqlFxk6IfVoAUVmgz7cU7zD/h9XZ0qzeosSHmUJVOzSQvvYSYWXkFXC+IfLKSIffhv0sVZup6pA=="
  "resolved" "https://registry.npmjs.org/undici-types/-/undici-types-5.26.5.tgz"
  "version" "5.26.5"

"viem@^2.8.13":
  "integrity" "sha512-J8tu1aP7TfI2HT/IEmyJ+n+WInrA/cuMuJtfgvYhYgHBobxhYGc2SojHm5lZBWcWgErN1Ld7VcKUwTmPh4ToQA=="
  "resolved" "https://registry.npmjs.org/viem/-/viem-2.8.16.tgz"
  "version" "2.8.16"
  dependencies:
    "@adraffy/ens-normalize" "1.10.0"
    "@noble/curves" "1.2.0"
    "@noble/hashes" "1.3.2"
    "@scure/bip32" "1.3.2"
    "@scure/bip39" "1.2.1"
    "abitype" "1.0.0"
    "isows" "1.0.3"
    "ws" "8.13.0"

"ws@*", "ws@8.13.0":
  "integrity" "sha512-x9vcZYTrFPC7aSIbj7sRCYo7L/Xb8Iy+pW0ng0wt2vCJv7M9HOMy0UoN3rr+IFC7hb7vXoqS+P9ktyLLLhO+LA=="
  "resolved" "https://registry.npmjs.org/ws/-/ws-8.13.0.tgz"
  "version" "8.13.0"
