# THIS IS AN AUTOGENERATED FILE. DO NOT EDIT THIS FILE DIRECTLY.
# yarn lockfile v1


"@adraffy/ens-normalize@1.10.0":
  "integrity" "sha512-nA9XHtlAkYfJxY7bce8DcN7eKxWWCWkU+1GR9d+U6MbNpfwQp8TI7vqOsBsMcHoT4mBu2kypKoSKnghEzOOq5Q=="
  "resolved" "https://registry.npmjs.org/@adraffy/ens-normalize/-/ens-normalize-1.10.0.tgz"
  "version" "1.10.0"

"@cspotcode/source-map-support@^0.8.0":
  "integrity" "sha512-IchNf6dN4tHoMFIn/7OE8LWZ19Y6q/67Bmf6vnGREv8RSbBVb9LPJxEcnwrcwX6ixSvaiGoomAUvu4YSxXrVgw=="
  "resolved" "https://registry.npmjs.org/@cspotcode/source-map-support/-/source-map-support-0.8.1.tgz"
  "version" "0.8.1"
  dependencies:
    "@jridgewell/trace-mapping" "0.3.9"

"@fast-csv/format@5.0.0":
  "integrity" "sha512-IyMpHwYIOGa2f0BJi6Wk55UF0oBA5urdIydoEDYxPo88LFbeb3Yr4rgpu98OAO1glUWheSnNtUgS80LE+/dqmw=="
  "resolved" "https://registry.npmjs.org/@fast-csv/format/-/format-5.0.0.tgz"
  "version" "5.0.0"
  dependencies:
    "lodash.escaperegexp" "^4.1.2"
    "lodash.isboolean" "^3.0.3"
    "lodash.isequal" "^4.5.0"
    "lodash.isfunction" "^3.0.9"
    "lodash.isnil" "^4.0.0"

"@fast-csv/parse@5.0.0":
  "integrity" "sha512-ecF8tCm3jVxeRjEB6VPzmA+1wGaJ5JgaUX2uesOXdXD6qQp0B3EdshOIed4yT1Xlj/F2f8v4zHSo0Oi31L697g=="
  "resolved" "https://registry.npmjs.org/@fast-csv/parse/-/parse-5.0.0.tgz"
  "version" "5.0.0"
  dependencies:
    "lodash.escaperegexp" "^4.1.2"
    "lodash.groupby" "^4.6.0"
    "lodash.isfunction" "^3.0.9"
    "lodash.isnil" "^4.0.0"
    "lodash.isundefined" "^3.0.1"
    "lodash.uniq" "^4.5.0"

"@jridgewell/resolve-uri@^3.0.3":
  "integrity" "sha512-bRISgCIjP20/tbWSPWMEi54QVPRZExkuD9lJL+UIxUKtwVJA8wW1Trb1jMs1RFXo1CBTNZ/5hpC9QvmKWdopKw=="
  "resolved" "https://registry.npmjs.org/@jridgewell/resolve-uri/-/resolve-uri-3.1.2.tgz"
  "version" "3.1.2"

"@jridgewell/sourcemap-codec@^1.4.10":
  "integrity" "sha512-eF2rxCRulEKXHTRiDrDy6erMYWqNw4LPdQ8UQA4huuxaQsVeRPFl2oM8oDGxMFhJUWZf9McpLtJasDDZb/Bpeg=="
  "resolved" "https://registry.npmjs.org/@jridgewell/sourcemap-codec/-/sourcemap-codec-1.4.15.tgz"
  "version" "1.4.15"

"@jridgewell/trace-mapping@0.3.9":
  "integrity" "sha512-3Belt6tdc8bPgAtbcmdtNJlirVoTmEb5e2gC94PnkwEW9jI6CAHUeoG85tjWP5WquqfavoMtMwiG4P926ZKKuQ=="
  "resolved" "https://registry.npmjs.org/@jridgewell/trace-mapping/-/trace-mapping-0.3.9.tgz"
  "version" "0.3.9"
  dependencies:
    "@jridgewell/resolve-uri" "^3.0.3"
    "@jridgewell/sourcemap-codec" "^1.4.10"

"@noble/curves@~1.2.0", "@noble/curves@1.2.0":
  "integrity" "sha512-oYclrNgRaM9SsBUBVbb8M6DTV7ZHRTKugureoYEncY5c65HOmRzvSiTE3y5CYaPYJA/GVkrhXEoF0M3Ya9PMnw=="
  "resolved" "https://registry.npmjs.org/@noble/curves/-/curves-1.2.0.tgz"
  "version" "1.2.0"
  dependencies:
    "@noble/hashes" "1.3.2"

"@noble/hashes@~1.3.0", "@noble/hashes@~1.3.2", "@noble/hashes@1.3.2":
  "integrity" "sha512-MVC8EAQp7MvEcm30KWENFjgR+Mkmf+D189XJTkFIlwohU5hcBbn1ZkKq7KVTi2Hme3PMGF390DaL52beVrIihQ=="
  "resolved" "https://registry.npmjs.org/@noble/hashes/-/hashes-1.3.2.tgz"
  "version" "1.3.2"

"@scure/base@~1.1.0", "@scure/base@~1.1.2":
  "integrity" "sha512-ok9AWwhcgYuGG3Zfhyqg+zwl+Wn5uE+dwC0NV/2qQkx4dABbb/bx96vWu8NSj+BNjjSjno+JRYRjle1jV08k3g=="
  "resolved" "https://registry.npmjs.org/@scure/base/-/base-1.1.6.tgz"
  "version" "1.1.6"

"@scure/bip32@1.3.2":
  "integrity" "sha512-N1ZhksgwD3OBlwTv3R6KFEcPojl/W4ElJOeCZdi+vuI5QmTFwLq3OFf2zd2ROpKvxFdgZ6hUpb0dx9bVNEwYCA=="
  "resolved" "https://registry.npmjs.org/@scure/bip32/-/bip32-1.3.2.tgz"
  "version" "1.3.2"
  dependencies:
    "@noble/curves" "~1.2.0"
    "@noble/hashes" "~1.3.2"
    "@scure/base" "~1.1.2"

"@scure/bip39@1.2.1":
  "integrity" "sha512-Z3/Fsz1yr904dduJD0NpiyRHhRYHdcnyh73FZWiV+/qhWi83wNJ3NWolYqCEN+ZWsUz2TWwajJggcRE9r1zUYg=="
  "resolved" "https://registry.npmjs.org/@scure/bip39/-/bip39-1.2.1.tgz"
  "version" "1.2.1"
  dependencies:
    "@noble/hashes" "~1.3.0"
    "@scure/base" "~1.1.0"

"@tsconfig/node10@^1.0.7":
  "integrity" "sha512-jNsYVVxU8v5g43Erja32laIDHXeoNvFEpX33OK4d6hljo3jDhCBDhx5dhCCTMWUojscpAagGiRkBKxpdl9fxqA=="
  "resolved" "https://registry.npmjs.org/@tsconfig/node10/-/node10-1.0.9.tgz"
  "version" "1.0.9"

"@tsconfig/node12@^1.0.7":
  "integrity" "sha512-cqefuRsh12pWyGsIoBKJA9luFu3mRxCA+ORZvA4ktLSzIuCUtWVxGIuXigEwO5/ywWFMZ2QEGKWvkZG1zDMTag=="
  "resolved" "https://registry.npmjs.org/@tsconfig/node12/-/node12-1.0.11.tgz"
  "version" "1.0.11"

"@tsconfig/node14@^1.0.0":
  "integrity" "sha512-ysT8mhdixWK6Hw3i1V2AeRqZ5WfXg1G43mqoYlM2nc6388Fq5jcXyr5mRsqViLx/GJYdoL0bfXD8nmF+Zn/Iow=="
  "resolved" "https://registry.npmjs.org/@tsconfig/node14/-/node14-1.0.3.tgz"
  "version" "1.0.3"

"@tsconfig/node16@^1.0.2":
  "integrity" "sha512-vxhUy4J8lyeyinH7Azl1pdd43GJhZH/tP2weN8TntQblOY+A0XbT8DJk1/oCPuOOyg/Ja757rG0CgHcWC8OfMA=="
  "resolved" "https://registry.npmjs.org/@tsconfig/node16/-/node16-1.0.4.tgz"
  "version" "1.0.4"

"@types/node@*", "@types/node@20.11.30":
  "integrity" "sha512-dHM6ZxwlmuZaRmUPfv1p+KrdD1Dci04FbdEm/9wEMouFqxYoFl5aMkt0VMAUtYRQDyYvD41WJLukhq/ha3YuTw=="
  "resolved" "https://registry.npmjs.org/@types/node/-/node-20.11.30.tgz"
  "version" "20.11.30"
  dependencies:
    "undici-types" "~5.26.4"

"abitype@1.0.0":
  "integrity" "sha512-NMeMah//6bJ56H5XRj8QCV4AwuW6hB6zqz2LnhhLdcWVQOsXki6/Pn3APeqxCma62nXIcmZWdu1DlHWS74umVQ=="
  "resolved" "https://registry.npmjs.org/abitype/-/abitype-1.0.0.tgz"
  "version" "1.0.0"

"acorn-walk@^8.1.1":
  "integrity" "sha512-cjkyv4OtNCIeqhHrfS81QWXoCBPExR/J62oyEqepVw8WaQeSqpW2uhuLPh1m9eWhDuOo/jUXVTlifvesOWp/4A=="
  "resolved" "https://registry.npmjs.org/acorn-walk/-/acorn-walk-8.3.2.tgz"
  "version" "8.3.2"

"acorn@^8.4.1":
  "integrity" "sha512-Y9rRfJG5jcKOE0CLisYbojUjIrIEE7AGMzA/Sm4BslANhbS+cDMpgBdcPT91oJ7OuJ9hYJBx59RjbhxVnrF8Xg=="
  "resolved" "https://registry.npmjs.org/acorn/-/acorn-8.11.3.tgz"
  "version" "8.11.3"

"arg@^4.1.0":
  "integrity" "sha512-58S9QDqG0Xx27YwPSt9fJxivjYl432YCwfDMfZ+71RAqUrZef7LrKQZ3LHLOwCS4FLNBplP533Zx895SeOCHvA=="
  "resolved" "https://registry.npmjs.org/arg/-/arg-4.1.3.tgz"
  "version" "4.1.3"

"create-require@^1.1.0":
  "integrity" "sha512-dcKFX3jn0MpIaXjisoRvexIJVEKzaq7z2rZKxf+MSr9TkdmHmsU4m2lcLojrj/FHl8mk5VxMmYA+ftRkP/3oKQ=="
  "resolved" "https://registry.npmjs.org/create-require/-/create-require-1.1.1.tgz"
  "version" "1.1.1"

"diff@^4.0.1":
  "integrity" "sha512-58lmxKSA4BNyLz+HHMUzlOEpg09FV+ev6ZMe3vJihgdxzgcwZ8VoEEPmALCZG9LmqfVoNMMKpttIYTVG6uDY7A=="
  "resolved" "https://registry.npmjs.org/diff/-/diff-4.0.2.tgz"
  "version" "4.0.2"

"fast-csv@5.0.1":
  "integrity" "sha512-Q43zC4NdQD5MAWOVQOF8KA+D6ddvTJjX2ib8zqysm74jZhtk6+dc8C75/OqRV6Y9CLc4kgvbC3PLG8YL4YZfgw=="
  "resolved" "https://registry.npmjs.org/fast-csv/-/fast-csv-5.0.1.tgz"
  "version" "5.0.1"
  dependencies:
    "@fast-csv/format" "5.0.0"
    "@fast-csv/parse" "5.0.0"

"isows@1.0.3":
  "integrity" "sha512-2cKei4vlmg2cxEjm3wVSqn8pcoRF/LX/wpifuuNquFO4SQmPwarClT+SUCA2lt+l581tTeZIPIZuIDo2jWN1fg=="
  "resolved" "https://registry.npmjs.org/isows/-/isows-1.0.3.tgz"
  "version" "1.0.3"

"lodash.escaperegexp@^4.1.2":
  "integrity" "sha512-TM9YBvyC84ZxE3rgfefxUWiQKLilstD6k7PTGt6wfbtXF8ixIJLOL3VYyV/z+ZiPLsVxAsKAFVwWlWeb2Y8Yyw=="
  "resolved" "https://registry.npmjs.org/lodash.escaperegexp/-/lodash.escaperegexp-4.1.2.tgz"
  "version" "4.1.2"

"lodash.groupby@^4.6.0":
  "integrity" "sha512-5dcWxm23+VAoz+awKmBaiBvzox8+RqMgFhi7UvX9DHZr2HdxHXM/Wrf8cfKpsW37RNrvtPn6hSwNqurSILbmJw=="
  "resolved" "https://registry.npmjs.org/lodash.groupby/-/lodash.groupby-4.6.0.tgz"
  "version" "4.6.0"

"lodash.isboolean@^3.0.3":
  "integrity" "sha512-Bz5mupy2SVbPHURB98VAcw+aHh4vRV5IPNhILUCsOzRmsTmSQ17jIuqopAentWoehktxGd9e/hbIXq980/1QJg=="
  "resolved" "https://registry.npmjs.org/lodash.isboolean/-/lodash.isboolean-3.0.3.tgz"
  "version" "3.0.3"

"lodash.isequal@^4.5.0":
  "integrity" "sha512-pDo3lu8Jhfjqls6GkMgpahsF9kCyayhgykjyLMNFTKWrpVdAQtYyB4muAMWozBB4ig/dtWAmsMxLEI8wuz+DYQ=="
  "resolved" "https://registry.npmjs.org/lodash.isequal/-/lodash.isequal-4.5.0.tgz"
  "version" "4.5.0"

"lodash.isfunction@^3.0.9":
  "integrity" "sha512-AirXNj15uRIMMPihnkInB4i3NHeb4iBtNg9WRWuK2o31S+ePwwNmDPaTL3o7dTJ+VXNZim7rFs4rxN4YU1oUJw=="
  "resolved" "https://registry.npmjs.org/lodash.isfunction/-/lodash.isfunction-3.0.9.tgz"
  "version" "3.0.9"

"lodash.isnil@^4.0.0":
  "integrity" "sha512-up2Mzq3545mwVnMhTDMdfoG1OurpA/s5t88JmQX809eH3C8491iu2sfKhTfhQtKY78oPNhiaHJUpT/dUDAAtng=="
  "resolved" "https://registry.npmjs.org/lodash.isnil/-/lodash.isnil-4.0.0.tgz"
  "version" "4.0.0"

"lodash.isundefined@^3.0.1":
  "integrity" "sha512-MXB1is3s899/cD8jheYYE2V9qTHwKvt+npCwpD+1Sxm3Q3cECXCiYHjeHWXNwr6Q0SOBPrYUDxendrO6goVTEA=="
  "resolved" "https://registry.npmjs.org/lodash.isundefined/-/lodash.isundefined-3.0.1.tgz"
  "version" "3.0.1"

"lodash.uniq@^4.5.0":
  "integrity" "sha512-xfBaXQd9ryd9dlSDvnvI0lvxfLJlYAZzXomUYzLKtUeOQvOP5piqAWuGtrhWeqaXK9hhoM/iyJc5AV+XfsX3HQ=="
  "resolved" "https://registry.npmjs.org/lodash.uniq/-/lodash.uniq-4.5.0.tgz"
  "version" "4.5.0"

"make-error@^1.1.1":
  "integrity" "sha512-s8UhlNe7vPKomQhC1qFelMokr/Sc3AgNbso3n74mVPA5LTZwkB9NlXf4XPamLxJE8h0gh73rM94xvwRT2CVInw=="
  "resolved" "https://registry.npmjs.org/make-error/-/make-error-1.3.6.tgz"
  "version" "1.3.6"

"ts-node@10.9.2":
  "integrity" "sha512-f0FFpIdcHgn8zcPSbf1dRevwt047YMnaiJM3u2w2RewrB+fob/zePZcrOyQoLMMO7aBIddLcQIEK5dYjkLnGrQ=="
  "resolved" "https://registry.npmjs.org/ts-node/-/ts-node-10.9.2.tgz"
  "version" "10.9.2"
  dependencies:
    "@cspotcode/source-map-support" "^0.8.0"
    "@tsconfig/node10" "^1.0.7"
    "@tsconfig/node12" "^1.0.7"
    "@tsconfig/node14" "^1.0.0"
    "@tsconfig/node16" "^1.0.2"
    "acorn" "^8.4.1"
    "acorn-walk" "^8.1.1"
    "arg" "^4.1.0"
    "create-require" "^1.1.0"
    "diff" "^4.0.1"
    "make-error" "^1.1.1"
    "v8-compile-cache-lib" "^3.0.1"
    "yn" "3.1.1"

"typescript@>=2.7", "typescript@>=5.0.4", "typescript@5.4.3":
  "integrity" "sha512-KrPd3PKaCLr78MalgiwJnA25Nm8HAmdwN3mYUYZgG/wizIo9EainNVQI9/yDavtVFRN2h3k8uf3GLHuhDMgEHg=="
  "resolved" "https://registry.npmjs.org/typescript/-/typescript-5.4.3.tgz"
  "version" "5.4.3"

"undici-types@~5.26.4":
  "integrity" "sha512-JlCMO+ehdEIKqlFxk6IfVoAUVmgz7cU7zD/h9XZ0qzeosSHmUJVOzSQvvYSYWXkFXC+IfLKSIffhv0sVZup6pA=="
  "resolved" "https://registry.npmjs.org/undici-types/-/undici-types-5.26.5.tgz"
  "version" "5.26.5"

"v8-compile-cache-lib@^3.0.1":
  "integrity" "sha512-wa7YjyUGfNZngI/vtK0UHAN+lgDCxBPCylVXGp0zu59Fz5aiGtNXaq3DhIov063MorB+VfufLh3JlF2KdTK3xg=="
  "resolved" "https://registry.npmjs.org/v8-compile-cache-lib/-/v8-compile-cache-lib-3.0.1.tgz"
  "version" "3.0.1"

"viem@2.8.16":
  "integrity" "sha512-J8tu1aP7TfI2HT/IEmyJ+n+WInrA/cuMuJtfgvYhYgHBobxhYGc2SojHm5lZBWcWgErN1Ld7VcKUwTmPh4ToQA=="
  "resolved" "https://registry.npmjs.org/viem/-/viem-2.8.16.tgz"
  "version" "2.8.16"
  dependencies:
    "@adraffy/ens-normalize" "1.10.0"
    "@noble/curves" "1.2.0"
    "@noble/hashes" "1.3.2"
    "@scure/bip32" "1.3.2"
    "@scure/bip39" "1.2.1"
    "abitype" "1.0.0"
    "isows" "1.0.3"
    "ws" "8.13.0"

"ws@*", "ws@8.13.0":
  "integrity" "sha512-x9vcZYTrFPC7aSIbj7sRCYo7L/Xb8Iy+pW0ng0wt2vCJv7M9HOMy0UoN3rr+IFC7hb7vXoqS+P9ktyLLLhO+LA=="
  "resolved" "https://registry.npmjs.org/ws/-/ws-8.13.0.tgz"
  "version" "8.13.0"

"yn@3.1.1":
  "integrity" "sha512-Ux4ygGWsu2c7isFWe8Yu1YluJmqVhxqK2cLXNQA5AcC3QfbGNpM7fu0Y8b/z16pXLnFxZYvWhd3fhBY9DLmC6Q=="
  "resolved" "https://registry.npmjs.org/yn/-/yn-3.1.1.tgz"
  "version" "3.1.1"
